
Microsoft Visual Studio Solution File, Format Version 12.00
# Visual Studio Version 17
VisualStudioVersion = 17.2.32616.157
MinimumVisualStudioVersion = 10.0.40219.1
Project("{FAE04EC0-301F-11D3-BF4B-00C04F79EFBC}") = "pageoftest", "pageoftest\pageoftest.csproj", "{1BC49C7F-FA2C-4481-AED5-08E5B3A2BF1F}"
EndProject
Global
	GlobalSection(SolutionConfigurationPlatforms) = preSolution
		Debug|Any CPU = Debug|Any CPU
		Release|Any CPU = Release|Any CPU
	EndGlobalSection
	GlobalSection(ProjectConfigurationPlatforms) = postSolution
		{1BC49C7F-FA2C-4481-AED5-08E5B3A2BF1F}.Debug|Any CPU.ActiveCfg = Debug|Any CPU
		{1BC49C7F-FA2C-4481-AED5-08E5B3A2BF1F}.Debug|Any CPU.Build.0 = Debug|Any CPU
		{1BC49C7F-FA2C-4481-AED5-08E5B3A2BF1F}.Release|Any CPU.ActiveCfg = Release|Any CPU
		{1BC49C7F-FA2C-4481-AED5-08E5B3A2BF1F}.Release|Any CPU.Build.0 = Release|Any CPU
	EndGlobalSection
	GlobalSection(SolutionProperties) = preSolution
		HideSolutionNode = FALSE
	EndGlobalSection
	GlobalSection(ExtensibilityGlobals) = postSolution
		SolutionGuid = {B05330ED-AAC4-4D0E-8859-5BA9804F130C}
	EndGlobalSection
EndGlobal
